
Microsoft Visual Studio Solution File, Format Version 12.00
# Visual Studio Version 17
VisualStudioVersion = 17.4.33103.184
MinimumVisualStudioVersion = 10.0.40219.1
Project("{FAE04EC0-301F-11D3-BF4B-00C04F79EFBC}") = "NanoGPTSharp", "NanoGPTSharp.csproj", "{D8B10482-8615-4B61-BFBD-75AAA62C00FA}"
EndProject
Global
	GlobalSection(SolutionConfigurationPlatforms) = preSolution
		Debug|Any CPU = Debug|Any CPU
		Release|Any CPU = Release|Any CPU
	EndGlobalSection
	GlobalSection(ProjectConfigurationPlatforms) = postSolution
		{D8B10482-8615-4B61-BFBD-75AAA62C00FA}.Debug|Any CPU.ActiveCfg = Debug|Any CPU
		{D8B10482-8615-4B61-BFBD-75AAA62C00FA}.Debug|Any CPU.Build.0 = Debug|Any CPU
		{D8B10482-8615-4B61-BFBD-75AAA62C00FA}.Release|Any CPU.ActiveCfg = Release|Any CPU
		{D8B10482-8615-4B61-BFBD-75AAA62C00FA}.Release|Any CPU.Build.0 = Release|Any CPU
	EndGlobalSection
	GlobalSection(SolutionProperties) = preSolution
		HideSolutionNode = FALSE
	EndGlobalSection
	GlobalSection(ExtensibilityGlobals) = postSolution
		SolutionGuid = {C74141AA-E57E-47D5-9564-D4F939598A3B}
	EndGlobalSection
EndGlobal
